// !$*UTF8*$!
{
	archiveVersion = 1;
	classes = {
	};
	objectVersion = 56;
	objects = {

/* Begin PBXBuildFile section */
		82066E4329E030AE00C51B0F /* AppDelegate.swift in Sources */ = {isa = PBXBuildFile; fileRef = 82066E4229E030AE00C51B0F /* AppDelegate.swift */; };
		82066E4529E030AE00C51B0F /* SceneDelegate.swift in Sources */ = {isa = PBXBuildFile; fileRef = 82066E4429E030AE00C51B0F /* SceneDelegate.swift */; };
		82066E4729E030AE00C51B0F /* ThemeViewContoller.swift in Sources */ = {isa = PBXBuildFile; fileRef = 82066E4629E030AE00C51B0F /* ThemeViewContoller.swift */; };
		82066E4A29E030AE00C51B0F /* Main.storyboard in Resources */ = {isa = PBXBuildFile; fileRef = 82066E4829E030AE00C51B0F /* Main.storyboard */; };
		82066E4C29E030B000C51B0F /* Assets.xcassets in Resources */ = {isa = PBXBuildFile; fileRef = 82066E4B29E030B000C51B0F /* Assets.xcassets */; };
		822CB8C729E5BB2B006A0294 /* Exstension.swift in Sources */ = {isa = PBXBuildFile; fileRef = 822CB8C629E5BB2B006A0294 /* Exstension.swift */; };
/* End PBXBuildFile section */

/* Begin PBXFileReference section */
		82066E3F29E030AE00C51B0F /* DarkTheme2.app */ = {isa = PBXFileReference; explicitFileType = wrapper.application; includeInIndex = 0; path = DarkTheme2.app; sourceTree = BUILT_PRODUCTS_DIR; };
		82066E4229E030AE00C51B0F /* AppDelegate.swift */ = {isa = PBXFileReference; lastKnownFileType = sourcecode.swift; path = AppDelegate.swift; sourceTree = "<group>"; };
		82066E4429E030AE00C51B0F /* SceneDelegate.swift */ = {isa = PBXFileReference; lastKnownFileType = sourcecode.swift; path = SceneDelegate.swift; sourceTree = "<group>"; };
		82066E4629E030AE00C51B0F /* ThemeViewContoller.swift */ = {isa = PBXFileReference; lastKnownFileType = sourcecode.swift; path = ThemeViewContoller.swift; sourceTree = "<group>"; };
		82066E4929E030AE00C51B0F /* Base */ = {isa = PBXFileReference; lastKnownFileType = file.storyboard; name = Base; path = Base.lproj/Main.storyboard; sourceTree = "<group>"; };
		82066E4B29E030B000C51B0F /* Assets.xcassets */ = {isa = PBXFileReference; lastKnownFileType = folder.assetcatalog; path = Assets.xcassets; sourceTree = "<group>"; };
		82066E5029E030B000C51B0F /* Info.plist */ = {isa = PBXFileReference; lastKnownFileType = text.plist.xml; path = Info.plist; sourceTree = "<group>"; };
		82066E6329E057D600C51B0F /* Base */ = {isa = PBXFileReference; lastKnownFileType = file.storyboard; name = Base; path = Base.lproj/LaunchScreen.storyboard; sourceTree = "<group>"; };
		822CB8C629E5BB2B006A0294 /* Exstension.swift */ = {isa = PBXFileReference; lastKnownFileType = sourcecode.swift; path = Exstension.swift; sourceTree = "<group>"; };
/* End PBXFileReference section */

/* Begin PBXFrameworksBuildPhase section */
		82066E3C29E030AE00C51B0F /* Frameworks */ = {
			isa = PBXFrameworksBuildPhase;
			buildActionMask = 2147483647;
			files = (
			);
			runOnlyForDeploymentPostprocessing = 0;
		};
/* End PBXFrameworksBuildPhase section */

/* Begin PBXGroup section */
		82066E3629E030AD00C51B0F = {
			isa = PBXGroup;
			children = (
				82066E4129E030AE00C51B0F /* DarkTheme2 */,
				82066E4029E030AE00C51B0F /* Products */,
			);
			sourceTree = "<group>";
		};
		82066E4029E030AE00C51B0F /* Products */ = {
			isa = PBXGroup;
			children = (
				82066E3F29E030AE00C51B0F /* DarkTheme2.app */,
			);
			name = Products;
			sourceTree = "<group>";
		};
		82066E4129E030AE00C51B0F /* DarkTheme2 */ = {
			isa = PBXGroup;
			children = (
				82066E5729E04FD500C51B0F /* AppDelegate */,
				822CB8C429E5BA9C006A0294 /* Extensions */,
				82066E5829E0563000C51B0F /* Controller */,
				82066E6429E0588400C51B0F /* View */,
				82066E4B29E030B000C51B0F /* Assets.xcassets */,
				82066E5029E030B000C51B0F /* Info.plist */,
			);
			path = DarkTheme2;
			sourceTree = "<group>";
		};
		82066E5729E04FD500C51B0F /* AppDelegate */ = {
			isa = PBXGroup;
			children = (
				82066E4229E030AE00C51B0F /* AppDelegate.swift */,
				82066E4429E030AE00C51B0F /* SceneDelegate.swift */,
			);
			path = AppDelegate;
			sourceTree = "<group>";
		};
		82066E5829E0563000C51B0F /* Controller */ = {
			isa = PBXGroup;
			children = (
				82066E4629E030AE00C51B0F /* ThemeViewContoller.swift */,
			);
			path = Controller;
			sourceTree = "<group>";
		};
		82066E6429E0588400C51B0F /* View */ = {
			isa = PBXGroup;
			children = (
				82066E4829E030AE00C51B0F /* Main.storyboard */,
				82066E6229E057D600C51B0F /* LaunchScreen.storyboard */,
			);
			path = View;
			sourceTree = "<group>";
		};
		822CB8C429E5BA9C006A0294 /* Extensions */ = {
			isa = PBXGroup;
			children = (
				822CB8C629E5BB2B006A0294 /* Exstension.swift */,
			);
			path = Extensions;
			sourceTree = "<group>";
		};
/* End PBXGroup section */

/* Begin PBXNativeTarget section */
		82066E3E29E030AE00C51B0F /* DarkTheme2 */ = {
			isa = PBXNativeTarget;
			buildConfigurationList = 82066E5329E030B000C51B0F /* Build configuration list for PBXNativeTarget "DarkTheme2" */;
			buildPhases = (
				82066E3B29E030AE00C51B0F /* Sources */,
				82066E3C29E030AE00C51B0F /* Frameworks */,
				82066E3D29E030AE00C51B0F /* Resources */,
			);
			buildRules = (
			);
			dependencies = (
			);
			name = DarkTheme2;
			productName = DarkTheme2;
			productReference = 82066E3F29E030AE00C51B0F /* DarkTheme2.app */;
			productType = "com.apple.product-type.application";
		};
/* End PBXNativeTarget section */

/* Begin PBXProject section */
		82066E3729E030AD00C51B0F /* Project object */ = {
			isa = PBXProject;
			attributes = {
				BuildIndependentTargetsInParallel = 1;
				LastSwiftUpdateCheck = 1430;
				LastUpgradeCheck = 1430;
				TargetAttributes = {
					82066E3E29E030AE00C51B0F = {
						CreatedOnToolsVersion = 14.3;
					};
				};
			};
			buildConfigurationList = 82066E3A29E030AD00C51B0F /* Build configuration list for PBXProject "DarkTheme2" */;
			compatibilityVersion = "Xcode 14.0";
			developmentRegion = en;
			hasScannedForEncodings = 0;
			knownRegions = (
				en,
				Base,
			);
			mainGroup = 82066E3629E030AD00C51B0F;
			productRefGroup = 82066E4029E030AE00C51B0F /* Products */;
			projectDirPath = "";
			projectRoot = "";
			targets = (
				82066E3E29E030AE00C51B0F /* DarkTheme2 */,
			);
		};
/* End PBXProject section */

/* Begin PBXResourcesBuildPhase section */
		82066E3D29E030AE00C51B0F /* Resources */ = {
			isa = PBXResourcesBuildPhase;
			buildActionMask = 2147483647;
			files = (
				82066E4C29E030B000C51B0F /* Assets.xcassets in Resources */,
				82066E4A29E030AE00C51B0F /* Main.storyboard in Resources */,
			);
			runOnlyForDeploymentPostprocessing = 0;
		};
/* End PBXResourcesBuildPhase section */

/* Begin PBXSourcesBuildPhase section */
		82066E3B29E030AE00C51B0F /* Sources */ = {
			isa = PBXSourcesBuildPhase;
			buildActionMask = 2147483647;
			files = (
				82066E4729E030AE00C51B0F /* ThemeViewContoller.swift in Sources */,
				82066E4329E030AE00C51B0F /* AppDelegate.swift in Sources */,
				82066E4529E030AE00C51B0F /* SceneDelegate.swift in Sources */,
				822CB8C729E5BB2B006A0294 /* Exstension.swift in Sources */,
			);
			runOnlyForDeploymentPostprocessing = 0;
		};
/* End PBXSourcesBuildPhase section */

/* Begin PBXVariantGroup section */
		82066E4829E030AE00C51B0F /* Main.storyboard */ = {
			isa = PBXVariantGroup;
			children = (
				82066E4929E030AE00C51B0F /* Base */,
			);
			name = Main.storyboard;
			sourceTree = "<group>";
		};
		82066E6229E057D600C51B0F /* LaunchScreen.storyboard */ = {
			isa = PBXVariantGroup;
			children = (
				82066E6329E057D600C51B0F /* Base */,
			);
			name = LaunchScreen.storyboard;
			sourceTree = "<group>";
		};
/* End PBXVariantGroup section */

/* Begin XCBuildConfiguration section */
		82066E5129E030B000C51B0F /* Debug */ = {
			isa = XCBuildConfiguration;
			buildSettings = {
				ALWAYS_SEARCH_USER_PATHS = NO;
				CLANG_ANALYZER_NONNULL = YES;
				CLANG_ANALYZER_NUMBER_OBJECT_CONVERSION = YES_AGGRESSIVE;
				CLANG_CXX_LANGUAGE_STANDARD = "gnu++20";
				CLANG_ENABLE_MODULES = YES;
				CLANG_ENABLE_OBJC_ARC = YES;
				CLANG_ENABLE_OBJC_WEAK = YES;
				CLANG_WARN_BLOCK_CAPTURE_AUTORELEASING = YES;
				CLANG_WARN_BOOL_CONVERSION = YES;
				CLANG_WARN_COMMA = YES;
				CLANG_WARN_CONSTANT_CONVERSION = YES;
				CLANG_WARN_DEPRECATED_OBJC_IMPLEMENTATIONS = YES;
				CLANG_WARN_DIRECT_OBJC_ISA_USAGE = YES_ERROR;
				CLANG_WARN_DOCUMENTATION_COMMENTS = YES;
				CLANG_WARN_EMPTY_BODY = YES;
				CLANG_WARN_ENUM_CONVERSION = YES;
				CLANG_WARN_INFINITE_RECURSION = YES;
				CLANG_WARN_INT_CONVERSION = YES;
				CLANG_WARN_NON_LITERAL_NULL_CONVERSION = YES;
				CLANG_WARN_OBJC_IMPLICIT_RETAIN_SELF = YES;
				CLANG_WARN_OBJC_LITERAL_CONVERSION = YES;
				CLANG_WARN_OBJC_ROOT_CLASS = YES_ERROR;
				CLANG_WARN_QUOTED_INCLUDE_IN_FRAMEWORK_HEADER = YES;
				CLANG_WARN_RANGE_LOOP_ANALYSIS = YES;
				CLANG_WARN_STRICT_PROTOTYPES = YES;
				CLANG_WARN_SUSPICIOUS_MOVE = YES;
				CLANG_WARN_UNGUARDED_AVAILABILITY = YES_AGGRESSIVE;
				CLANG_WARN_UNREACHABLE_CODE = YES;
				CLANG_WARN__DUPLICATE_METHOD_MATCH = YES;
				COPY_PHASE_STRIP = NO;
				DEBUG_INFORMATION_FORMAT = dwarf;
				ENABLE_STRICT_OBJC_MSGSEND = YES;
				ENABLE_TESTABILITY = YES;
				GCC_C_LANGUAGE_STANDARD = gnu11;
				GCC_DYNAMIC_NO_PIC = NO;
				GCC_NO_COMMON_BLOCKS = YES;
				GCC_OPTIMIZATION_LEVEL = 0;
				GCC_PREPROCESSOR_DEFINITIONS = (
					"DEBUG=1",
					"$(inherited)",
				);
				GCC_WARN_64_TO_32_BIT_CONVERSION = YES;
				GCC_WARN_ABOUT_RETURN_TYPE = YES_ERROR;
				GCC_WARN_UNDECLARED_SELECTOR = YES;
				GCC_WARN_UNINITIALIZED_AUTOS = YES_AGGRESSIVE;
				GCC_WARN_UNUSED_FUNCTION = YES;
				GCC_WARN_UNUSED_VARIABLE = YES;
				IPHONEOS_DEPLOYMENT_TARGET = 16.4;
				MTL_ENABLE_DEBUG_INFO = INCLUDE_SOURCE;
				MTL_FAST_MATH = YES;
				ONLY_ACTIVE_ARCH = YES;
				SDKROOT = iphoneos;
				SWIFT_ACTIVE_COMPILATION_CONDITIONS = DEBUG;
				SWIFT_OPTIMIZATION_LEVEL = "-Onone";
			};
			name = Debug;
		};
		82066E5229E030B000C51B0F /* Release */ = {
			isa = XCBuildConfiguration;
			buildSettings = {
				ALWAYS_SEARCH_USER_PATHS = NO;
				CLANG_ANALYZER_NONNULL = YES;
				CLANG_ANALYZER_NUMBER_OBJECT_CONVERSION = YES_AGGRESSIVE;
				CLANG_CXX_LANGUAGE_STANDARD = "gnu++20";
				CLANG_ENABLE_MODULES = YES;
				CLANG_ENABLE_OBJC_ARC = YES;
				CLANG_ENABLE_OBJC_WEAK = YES;
				CLANG_WARN_BLOCK_CAPTURE_AUTORELEASING = YES;
				CLANG_WARN_BOOL_CONVERSION = YES;
				CLANG_WARN_COMMA = YES;
				CLANG_WARN_CONSTANT_CONVERSION = YES;
				CLANG_WARN_DEPRECATED_OBJC_IMPLEMENTATIONS = YES;
				CLANG_WARN_DIRECT_OBJC_ISA_USAGE = YES_ERROR;
				CLANG_WARN_DOCUMENTATION_COMMENTS = YES;
				CLANG_WARN_EMPTY_BODY = YES;
				CLANG_WARN_ENUM_CONVERSION = YES;
				CLANG_WARN_INFINITE_RECURSION = YES;
				CLANG_WARN_INT_CONVERSION = YES;
				CLANG_WARN_NON_LITERAL_NULL_CONVERSION = YES;
				CLANG_WARN_OBJC_IMPLICIT_RETAIN_SELF = YES;
				CLANG_WARN_OBJC_LITERAL_CONVERSION = YES;
				CLANG_WARN_OBJC_ROOT_CLASS = YES_ERROR;
				CLANG_WARN_QUOTED_INCLUDE_IN_FRAMEWORK_HEADER = YES;
				CLANG_WARN_RANGE_LOOP_ANALYSIS = YES;
				CLANG_WARN_STRICT_PROTOTYPES = YES;
				CLANG_WARN_SUSPICIOUS_MOVE = YES;
				CLANG_WARN_UNGUARDED_AVAILABILITY = YES_AGGRESSIVE;
				CLANG_WARN_UNREACHABLE_CODE = YES;
				CLANG_WARN__DUPLICATE_METHOD_MATCH = YES;
				COPY_PHASE_STRIP = NO;
				DEBUG_INFORMATION_FORMAT = "dwarf-with-dsym";
				ENABLE_NS_ASSERTIONS = NO;
				ENABLE_STRICT_OBJC_MSGSEND = YES;
				GCC_C_LANGUAGE_STANDARD = gnu11;
				GCC_NO_COMMON_BLOCKS = YES;
				GCC_WARN_64_TO_32_BIT_CONVERSION = YES;
				GCC_WARN_ABOUT_RETURN_TYPE = YES_ERROR;
				GCC_WARN_UNDECLARED_SELECTOR = YES;
				GCC_WARN_UNINITIALIZED_AUTOS = YES_AGGRESSIVE;
				GCC_WARN_UNUSED_FUNCTION = YES;
				GCC_WARN_UNUSED_VARIABLE = YES;
				IPHONEOS_DEPLOYMENT_TARGET = 16.4;
				MTL_ENABLE_DEBUG_INFO = NO;
				MTL_FAST_MATH = YES;
				SDKROOT = iphoneos;
				SWIFT_COMPILATION_MODE = wholemodule;
				SWIFT_OPTIMIZATION_LEVEL = "-O";
				VALIDATE_PRODUCT = YES;
			};
			name = Release;
		};
		82066E5429E030B000C51B0F /* Debug */ = {
			isa = XCBuildConfiguration;
			buildSettings = {
				ASSETCATALOG_COMPILER_APPICON_NAME = AppIcon;
				ASSETCATALOG_COMPILER_GLOBAL_ACCENT_COLOR_NAME = AccentColor;
				CODE_SIGN_STYLE = Automatic;
				CURRENT_PROJECT_VERSION = 1;
				DEVELOPMENT_TEAM = 736Y9JVWHC;
				GENERATE_INFOPLIST_FILE = YES;
				INFOPLIST_FILE = DarkTheme2/Info.plist;
				INFOPLIST_KEY_UIApplicationSupportsIndirectInputEvents = YES;
				INFOPLIST_KEY_UILaunchStoryboardName = LaunchScreen;
				INFOPLIST_KEY_UIMainStoryboardFile = Main;
				INFOPLIST_KEY_UISupportedInterfaceOrientations_iPad = "UIInterfaceOrientationPortrait UIInterfaceOrientationPortraitUpsideDown UIInterfaceOrientationLandscapeLeft UIInterfaceOrientationLandscapeRight";
				INFOPLIST_KEY_UISupportedInterfaceOrientations_iPhone = "UIInterfaceOrientationPortrait UIInterfaceOrientationLandscapeLeft UIInterfaceOrientationLandscapeRight";
				LD_RUNPATH_SEARCH_PATHS = (
					"$(inherited)",
					"@executable_path/Frameworks",
				);
				MARKETING_VERSION = 1.0;
				PRODUCT_BUNDLE_IDENTIFIER = com.iosbootcamp.DarkTheme2;
				PRODUCT_NAME = "$(TARGET_NAME)";
				SWIFT_EMIT_LOC_STRINGS = YES;
				SWIFT_VERSION = 5.0;
				TARGETED_DEVICE_FAMILY = "1,2";
			};
			name = Debug;
		};
		82066E5529E030B000C51B0F /* Release */ = {
			isa = XCBuildConfiguration;
			buildSettings = {
				ASSETCATALOG_COMPILER_APPICON_NAME = AppIcon;
				ASSETCATALOG_COMPILER_GLOBAL_ACCENT_COLOR_NAME = AccentColor;
				CODE_SIGN_STYLE = Automatic;
				CURRENT_PROJECT_VERSION = 1;
				DEVELOPMENT_TEAM = 736Y9JVWHC;
				GENERATE_INFOPLIST_FILE = YES;
				INFOPLIST_FILE = DarkTheme2/Info.plist;
				INFOPLIST_KEY_UIApplicationSupportsIndirectInputEvents = YES;
				INFOPLIST_KEY_UILaunchStoryboardName = LaunchScreen;
				INFOPLIST_KEY_UIMainStoryboardFile = Main;
				INFOPLIST_KEY_UISupportedInterfaceOrientations_iPad = "UIInterfaceOrientationPortrait UIInterfaceOrientationPortraitUpsideDown UIInterfaceOrientationLandscapeLeft UIInterfaceOrientationLandscapeRight";
				INFOPLIST_KEY_UISupportedInterfaceOrientations_iPhone = "UIInterfaceOrientationPortrait UIInterfaceOrientationLandscapeLeft UIInterfaceOrientationLandscapeRight";
				LD_RUNPATH_SEARCH_PATHS = (
					"$(inherited)",
					"@executable_path/Frameworks",
				);
				MARKETING_VERSION = 1.0;
				PRODUCT_BUNDLE_IDENTIFIER = com.iosbootcamp.DarkTheme2;
				PRODUCT_NAME = "$(TARGET_NAME)";
				SWIFT_EMIT_LOC_STRINGS = YES;
				SWIFT_VERSION = 5.0;
				TARGETED_DEVICE_FAMILY = "1,2";
			};
			name = Release;
		};
/* End XCBuildConfiguration section */

/* Begin XCConfigurationList section */
		82066E3A29E030AD00C51B0F /* Build configuration list for PBXProject "DarkTheme2" */ = {
			isa = XCConfigurationList;
			buildConfigurations = (
				82066E5129E030B000C51B0F /* Debug */,
				82066E5229E030B000C51B0F /* Release */,
			);
			defaultConfigurationIsVisible = 0;
			defaultConfigurationName = Release;
		};
		82066E5329E030B000C51B0F /* Build configuration list for PBXNativeTarget "DarkTheme2" */ = {
			isa = XCConfigurationList;
			buildConfigurations = (
				82066E5429E030B000C51B0F /* Debug */,
				82066E5529E030B000C51B0F /* Release */,
			);
			defaultConfigurationIsVisible = 0;
			defaultConfigurationName = Release;
		};
/* End XCConfigurationList section */
	};
	rootObject = 82066E3729E030AD00C51B0F /* Project object */;
}
